{
  "nodes": {
    "flake-utils": {
      "inputs": {
        "systems": "systems"
      },
      "locked": {
        "lastModified": 1731533236,
        "narHash": "sha256-l0KFg5HjrsfsO/JpG+r7fRrqm12kzFHyUHqHCVpMMbI=",
        "owner": "numtide",
        "repo": "flake-utils",
        "rev": "11707dc2f618dd54ca8739b309ec4fc024de578b",
        "type": "github"
      },
      "original": {
        "owner": "numtide",
        "repo": "flake-utils",
        "type": "github"
      }
    },
    "nixpkgs": {
      "locked": {
        "lastModified": 1777268161,
        "narHash": "sha256-bxrdOn8SCOv8tN4JbTF/TXq7kjo9ag4M+C8yzzIRYbE=",
        "owner": "NixOS",
        "repo": "nixpkgs",
        "rev": "1c3fe55ad329cbcb28471bb30f05c9827f724c76",
        "type": "github"
      },
      "original": {
        "owner": "NixOS",
        "ref": "nixos-unstable",
        "repo": "nixpkgs",
        "type": "github"
      }
    },
    "pil2-compiler-src": {
      "flake": false,
      "locked": {
        "lastModified": 1772012391,
        "narHash": "sha256-NTSsdiyHs8DEoFSRgVwuhQgQSui5gtFkvzmi97tR0bc=",
        "owner": "0xPolygonHermez",
        "repo": "pil2-compiler",
        "rev": "a036e9fb0c1a9442cf9b90248a74a0a03291dad7",
        "type": "github"
      },
      "original": {
        "owner": "0xPolygonHermez",
        "ref": "v0.9.0",
        "repo": "pil2-compiler",
        "type": "github"
      }
    },
    "pil2-proofman-src": {
      "flake": false,
      "locked": {
        "lastModified": 1777581721,
        "narHash": "sha256-d96RLAolTCoP2zs6R+Q6Zi/JpmvyJApgijZ5eoVVVNU=",
        "owner": "0xPolygonHermez",
        "repo": "pil2-proofman",
        "rev": "ff0e33a9b40f2467b35ef26aa2aabb4a624dfed3",
        "type": "github"
      },
      "original": {
        "owner": "0xPolygonHermez",
        "ref": "v0.17.0",
        "repo": "pil2-proofman",
        "type": "github"
      }
    },
    "root": {
      "inputs": {
        "flake-utils": "flake-utils",
        "nixpkgs": "nixpkgs",
        "pil2-compiler-src": "pil2-compiler-src",
        "pil2-proofman-src": "pil2-proofman-src",
        "sail-riscv-src": "sail-riscv-src",
        "sail-src": "sail-src",
        "zisk-src": "zisk-src"
      }
    },
    "sail-riscv-src": {
      "flake": false,
      "locked": {
        "lastModified": 1766547678,
        "narHash": "sha256-Z6tUnNsDEaUoidIM4sdEfeaI35Nv6jQPLOuWLZ4ClBA=",
        "owner": "riscv",
        "repo": "sail-riscv",
        "rev": "04e595954b2af7fa9e18f2519e4ae4bba72b2701",
        "type": "github"
      },
      "original": {
        "owner": "riscv",
        "repo": "sail-riscv",
        "rev": "04e595954b2af7fa9e18f2519e4ae4bba72b2701",
        "type": "github"
      }
    },
    "sail-src": {
      "flake": false,
      "locked": {
        "lastModified": 1778803150,
        "narHash": "sha256-BwkaXunUZFHInWYRibN7Aa+YmF53mUlOR3MtGoaeBAg=",
        "owner": "codygunton",
        "repo": "sail",
        "rev": "46acc966ff845b11361c854d59d82a47bd42b487",
        "type": "github"
      },
      "original": {
        "owner": "codygunton",
        "repo": "sail",
        "rev": "46acc966ff845b11361c854d59d82a47bd42b487",
        "type": "github"
      }
    },
    "systems": {
      "locked": {
        "lastModified": 1681028828,
        "narHash": "sha256-Vy1rq5AaRuLzOxct8nz4T6wlgyUR7zLU309k9mBC768=",
        "owner": "nix-systems",
        "repo": "default",
        "rev": "da67096a3b9bf56a91d16901293e51ba5b49a27e",
        "type": "github"
      },
      "original": {
        "owner": "nix-systems",
        "repo": "default",
        "type": "github"
      }
    },
    "zisk-src": {
      "flake": false,
      "locked": {
        "lastModified": 1777619881,
        "narHash": "sha256-ZVlMF3EUzk1kajzXwnW7+Tj1Ms9p6bFGGZPKx7v1nZo=",
        "owner": "0xPolygonHermez",
        "repo": "zisk",
        "rev": "b63274507a040bf9e09d22214df43066e8f80cb7",
        "type": "github"
      },
      "original": {
        "owner": "0xPolygonHermez",
        "ref": "v0.17.0",
        "repo": "zisk",
        "type": "github"
      }
    }
  },
  "root": "root",
  "version": 7
}
