{
  "nodes": {
    "aeneas": {
      "inputs": {
        "charon": "charon",
        "flake-utils": [
          "aeneas",
          "charon",
          "flake-utils"
        ],
        "fstar": "fstar",
        "nixpkgs": [
          "aeneas",
          "charon",
          "nixpkgs"
        ]
      },
      "locked": {
        "lastModified": 1777293217,
        "narHash": "sha256-kUwrAIqNbGQiJEJ8mM+l7AfKWELWqFGt5MzDLqXwXlo=",
        "owner": "AeneasVerif",
        "repo": "aeneas",
        "rev": "a2fcf1923d16684cec638f5503da11acd0ef002d",
        "type": "github"
      },
      "original": {
        "owner": "AeneasVerif",
        "repo": "aeneas",
        "type": "github"
      }
    },
    "charon": {
      "inputs": {
        "crane": "crane",
        "flake-compat": "flake-compat",
        "flake-utils": "flake-utils",
        "nixpkgs": "nixpkgs",
        "rust-overlay": "rust-overlay"
      },
      "locked": {
        "lastModified": 1777050828,
        "narHash": "sha256-QAuNKVeDVxqwe9e/+NNYH2UJFDsNjQWZnp9EjH+2UJU=",
        "owner": "aeneasverif",
        "repo": "charon",
        "rev": "ed22146b1cd4d0b578006a58b3299d41ecbe0fd4",
        "type": "github"
      },
      "original": {
        "owner": "aeneasverif",
        "repo": "charon",
        "type": "github"
      }
    },
    "clean-src": {
      "flake": false,
      "locked": {
        "lastModified": 1779815370,
        "narHash": "sha256-aZL7mstVTJFkID4tzUTfony+xc6Dy832ENWTWTugaX4=",
        "owner": "codygunton",
        "repo": "clean",
        "rev": "ef6dfbcd353b4f6b15897c8113cf691d15b98b4c",
        "type": "github"
      },
      "original": {
        "owner": "codygunton",
        "repo": "clean",
        "rev": "ef6dfbcd353b4f6b15897c8113cf691d15b98b4c",
        "type": "github"
      }
    },
    "crane": {
      "locked": {
        "lastModified": 1743700120,
        "narHash": "sha256-8BjG/P0xnuCyVOXlYRwdI1B8nVtyYLf3oDwPSimqREY=",
        "owner": "ipetkov",
        "repo": "crane",
        "rev": "e316f19ee058e6db50075115783be57ac549c389",
        "type": "github"
      },
      "original": {
        "owner": "ipetkov",
        "repo": "crane",
        "type": "github"
      }
    },
    "flake-compat": {
      "locked": {
        "lastModified": 1733328505,
        "narHash": "sha256-NeCCThCEP3eCl2l/+27kNNK7QrwZB1IJCrXfrbv5oqU=",
        "owner": "edolstra",
        "repo": "flake-compat",
        "rev": "ff81ac966bb2cae68946d5ed5fc4994f96d0ffec",
        "type": "github"
      },
      "original": {
        "owner": "edolstra",
        "repo": "flake-compat",
        "type": "github"
      }
    },
    "flake-utils": {
      "inputs": {
        "systems": "systems"
      },
      "locked": {
        "lastModified": 1726560853,
        "narHash": "sha256-X6rJYSESBVr3hBoH0WbKE5KvhPU5bloyZ2L4K60/fPQ=",
        "owner": "numtide",
        "repo": "flake-utils",
        "rev": "c1dfcf08411b08f6b8615f7d8971a2bfa81d5e8a",
        "type": "github"
      },
      "original": {
        "owner": "numtide",
        "repo": "flake-utils",
        "type": "github"
      }
    },
    "flake-utils_2": {
      "inputs": {
        "systems": "systems_2"
      },
      "locked": {
        "lastModified": 1731533236,
        "narHash": "sha256-l0KFg5HjrsfsO/JpG+r7fRrqm12kzFHyUHqHCVpMMbI=",
        "owner": "numtide",
        "repo": "flake-utils",
        "rev": "11707dc2f618dd54ca8739b309ec4fc024de578b",
        "type": "github"
      },
      "original": {
        "id": "flake-utils",
        "type": "indirect"
      }
    },
    "flake-utils_3": {
      "inputs": {
        "systems": "systems_3"
      },
      "locked": {
        "lastModified": 1731533236,
        "narHash": "sha256-l0KFg5HjrsfsO/JpG+r7fRrqm12kzFHyUHqHCVpMMbI=",
        "owner": "numtide",
        "repo": "flake-utils",
        "rev": "11707dc2f618dd54ca8739b309ec4fc024de578b",
        "type": "github"
      },
      "original": {
        "owner": "numtide",
        "repo": "flake-utils",
        "type": "github"
      }
    },
    "fstar": {
      "inputs": {
        "flake-utils": "flake-utils_2",
        "nixpkgs": "nixpkgs_2"
      },
      "locked": {
        "lastModified": 1773420322,
        "narHash": "sha256-24p4oLISFCehrfYAXORuEm6WzvWgRMhoApYnwUjSfPM=",
        "owner": "FStarLang",
        "repo": "fstar",
        "rev": "7c23ae87427d49f73626f3bd045d7980f00b2685",
        "type": "github"
      },
      "original": {
        "owner": "FStarLang",
        "repo": "fstar",
        "type": "github"
      }
    },
    "nixpkgs": {
      "locked": {
        "lastModified": 1762111121,
        "narHash": "sha256-4vhDuZ7OZaZmKKrnDpxLZZpGIJvAeMtK6FKLJYUtAdw=",
        "owner": "NixOS",
        "repo": "nixpkgs",
        "rev": "b3d51a0365f6695e7dd5cdf3e180604530ed33b4",
        "type": "github"
      },
      "original": {
        "id": "nixpkgs",
        "ref": "nixos-unstable",
        "type": "indirect"
      }
    },
    "nixpkgs_2": {
      "locked": {
        "lastModified": 1759381078,
        "narHash": "sha256-gTrEEp5gEspIcCOx9PD8kMaF1iEmfBcTbO0Jag2QhQs=",
        "owner": "NixOS",
        "repo": "nixpkgs",
        "rev": "7df7ff7d8e00218376575f0acdcc5d66741351ee",
        "type": "github"
      },
      "original": {
        "id": "nixpkgs",
        "ref": "nixos-unstable",
        "type": "indirect"
      }
    },
    "nixpkgs_3": {
      "locked": {
        "lastModified": 1777268161,
        "narHash": "sha256-bxrdOn8SCOv8tN4JbTF/TXq7kjo9ag4M+C8yzzIRYbE=",
        "owner": "NixOS",
        "repo": "nixpkgs",
        "rev": "1c3fe55ad329cbcb28471bb30f05c9827f724c76",
        "type": "github"
      },
      "original": {
        "owner": "NixOS",
        "ref": "nixos-unstable",
        "repo": "nixpkgs",
        "type": "github"
      }
    },
    "pil2-compiler-src": {
      "flake": false,
      "locked": {
        "lastModified": 1772012391,
        "narHash": "sha256-NTSsdiyHs8DEoFSRgVwuhQgQSui5gtFkvzmi97tR0bc=",
        "owner": "0xPolygonHermez",
        "repo": "pil2-compiler",
        "rev": "a036e9fb0c1a9442cf9b90248a74a0a03291dad7",
        "type": "github"
      },
      "original": {
        "owner": "0xPolygonHermez",
        "ref": "v0.9.0",
        "repo": "pil2-compiler",
        "type": "github"
      }
    },
    "pil2-proofman-src": {
      "flake": false,
      "locked": {
        "lastModified": 1777581721,
        "narHash": "sha256-d96RLAolTCoP2zs6R+Q6Zi/JpmvyJApgijZ5eoVVVNU=",
        "owner": "0xPolygonHermez",
        "repo": "pil2-proofman",
        "rev": "ff0e33a9b40f2467b35ef26aa2aabb4a624dfed3",
        "type": "github"
      },
      "original": {
        "owner": "0xPolygonHermez",
        "ref": "v0.17.0",
        "repo": "pil2-proofman",
        "type": "github"
      }
    },
    "root": {
      "inputs": {
        "aeneas": "aeneas",
        "clean-src": "clean-src",
        "flake-utils": "flake-utils_3",
        "nixpkgs": "nixpkgs_3",
        "pil2-compiler-src": "pil2-compiler-src",
        "pil2-proofman-src": "pil2-proofman-src",
        "sail-riscv-src": "sail-riscv-src",
        "sail-src": "sail-src",
        "zisk-src": "zisk-src"
      }
    },
    "rust-overlay": {
      "inputs": {
        "nixpkgs": [
          "aeneas",
          "charon",
          "nixpkgs"
        ]
      },
      "locked": {
        "lastModified": 1771902481,
        "narHash": "sha256-svI5ivzggtu4KhCdoab3xR5+Btop24o7yLFtIPXrsPM=",
        "owner": "oxalica",
        "repo": "rust-overlay",
        "rev": "5177426d9f8f7f1827001c9749b9a9c5570d456b",
        "type": "github"
      },
      "original": {
        "owner": "oxalica",
        "repo": "rust-overlay",
        "rev": "5177426d9f8f7f1827001c9749b9a9c5570d456b",
        "type": "github"
      }
    },
    "sail-riscv-src": {
      "flake": false,
      "locked": {
        "lastModified": 1766547678,
        "narHash": "sha256-Z6tUnNsDEaUoidIM4sdEfeaI35Nv6jQPLOuWLZ4ClBA=",
        "owner": "riscv",
        "repo": "sail-riscv",
        "rev": "04e595954b2af7fa9e18f2519e4ae4bba72b2701",
        "type": "github"
      },
      "original": {
        "owner": "riscv",
        "repo": "sail-riscv",
        "rev": "04e595954b2af7fa9e18f2519e4ae4bba72b2701",
        "type": "github"
      }
    },
    "sail-src": {
      "flake": false,
      "locked": {
        "lastModified": 1778803150,
        "narHash": "sha256-BwkaXunUZFHInWYRibN7Aa+YmF53mUlOR3MtGoaeBAg=",
        "owner": "codygunton",
        "repo": "sail",
        "rev": "46acc966ff845b11361c854d59d82a47bd42b487",
        "type": "github"
      },
      "original": {
        "owner": "codygunton",
        "repo": "sail",
        "rev": "46acc966ff845b11361c854d59d82a47bd42b487",
        "type": "github"
      }
    },
    "systems": {
      "locked": {
        "lastModified": 1681028828,
        "narHash": "sha256-Vy1rq5AaRuLzOxct8nz4T6wlgyUR7zLU309k9mBC768=",
        "owner": "nix-systems",
        "repo": "default",
        "rev": "da67096a3b9bf56a91d16901293e51ba5b49a27e",
        "type": "github"
      },
      "original": {
        "owner": "nix-systems",
        "repo": "default",
        "type": "github"
      }
    },
    "systems_2": {
      "locked": {
        "lastModified": 1681028828,
        "narHash": "sha256-Vy1rq5AaRuLzOxct8nz4T6wlgyUR7zLU309k9mBC768=",
        "owner": "nix-systems",
        "repo": "default",
        "rev": "da67096a3b9bf56a91d16901293e51ba5b49a27e",
        "type": "github"
      },
      "original": {
        "owner": "nix-systems",
        "repo": "default",
        "type": "github"
      }
    },
    "systems_3": {
      "locked": {
        "lastModified": 1681028828,
        "narHash": "sha256-Vy1rq5AaRuLzOxct8nz4T6wlgyUR7zLU309k9mBC768=",
        "owner": "nix-systems",
        "repo": "default",
        "rev": "da67096a3b9bf56a91d16901293e51ba5b49a27e",
        "type": "github"
      },
      "original": {
        "owner": "nix-systems",
        "repo": "default",
        "type": "github"
      }
    },
    "zisk-src": {
      "flake": false,
      "locked": {
        "lastModified": 1777619881,
        "narHash": "sha256-ZVlMF3EUzk1kajzXwnW7+Tj1Ms9p6bFGGZPKx7v1nZo=",
        "owner": "0xPolygonHermez",
        "repo": "zisk",
        "rev": "b63274507a040bf9e09d22214df43066e8f80cb7",
        "type": "github"
      },
      "original": {
        "owner": "0xPolygonHermez",
        "ref": "v0.17.0",
        "repo": "zisk",
        "type": "github"
      }
    }
  },
  "root": "root",
  "version": 7
}
